
Microsoft Visual Studio Solution File, Format Version 12.00
# Visual Studio Version 17
VisualStudioVersion = 17.8.34322.80
MinimumVisualStudioVersion = 10.0.40219.1
Project("{9A19103F-16F7-4668-BE54-9A1E7A4F7556}") = "TrackRunner", "TrackRunner\TrackRunner.csproj", "{40B421A9-DFAF-46D7-A453-FC810D62877B}"
EndProject
Project("{FAE04EC0-301F-11D3-BF4B-00C04F79EFBC}") = "TrackDetector", "TrackDetector\TrackDetector.csproj", "{1A4C40DD-B186-4471-8659-66BA5D35A211}"
EndProject
Global
	GlobalSection(SolutionConfigurationPlatforms) = preSolution
		Debug|Any CPU = Debug|Any CPU
		Release|Any CPU = Release|Any CPU
	EndGlobalSection
	GlobalSection(ProjectConfigurationPlatforms) = postSolution
		{40B421A9-DFAF-46D7-A453-FC810D62877B}.Debug|Any CPU.ActiveCfg = Debug|Any CPU
		{40B421A9-DFAF-46D7-A453-FC810D62877B}.Debug|Any CPU.Build.0 = Debug|Any CPU
		{40B421A9-DFAF-46D7-A453-FC810D62877B}.Release|Any CPU.ActiveCfg = Release|Any CPU
		{40B421A9-DFAF-46D7-A453-FC810D62877B}.Release|Any CPU.Build.0 = Release|Any CPU
		{1A4C40DD-B186-4471-8659-66BA5D35A211}.Debug|Any CPU.ActiveCfg = Debug|Any CPU
		{1A4C40DD-B186-4471-8659-66BA5D35A211}.Debug|Any CPU.Build.0 = Debug|Any CPU
		{1A4C40DD-B186-4471-8659-66BA5D35A211}.Release|Any CPU.ActiveCfg = Release|Any CPU
		{1A4C40DD-B186-4471-8659-66BA5D35A211}.Release|Any CPU.Build.0 = Release|Any CPU
	EndGlobalSection
	GlobalSection(SolutionProperties) = preSolution
		HideSolutionNode = FALSE
	EndGlobalSection
	GlobalSection(ExtensibilityGlobals) = postSolution
		SolutionGuid = {CBC42571-3B05-40EA-9213-FE3F13EA4984}
	EndGlobalSection
EndGlobal
